
Microsoft Visual Studio Solution File, Format Version 12.00
# Visual Studio 15
VisualStudioVersion = 15.0.28010.2046
MinimumVisualStudioVersion = 10.0.40219.1
Project("{FAE04EC0-301F-11D3-BF4B-00C04F79EFBC}") = "AlfarBackendChallenge.Web", "AlfarBackendChallenge\AlfarBackendChallenge.Web.csproj", "{BFF7D328-5F63-44C7-8A9E-4BBB8EDE8B7F}"
EndProject
Project("{FAE04EC0-301F-11D3-BF4B-00C04F79EFBC}") = "AlfarBackendChallenge.Web.Tests", "AlfarBackendChallenge.Tests\AlfarBackendChallenge.Web.Tests.csproj", "{C68AF965-1AA4-4B39-86E4-610133861696}"
EndProject
Project("{FAE04EC0-301F-11D3-BF4B-00C04F79EFBC}") = "AlfarBackendChallenge.WebAPI", "AlfarBackendChallenge.WebAPI\AlfarBackendChallenge.WebAPI.csproj", "{329F28EE-5C6E-48C9-BA43-CF8E8B68CFF2}"
EndProject
Project("{FAE04EC0-301F-11D3-BF4B-00C04F79EFBC}") = "AlfarBackendChallenge.WebAPI.Tests", "AlfarBackendChallenge.WebAPI.Tests\AlfarBackendChallenge.WebAPI.Tests.csproj", "{DCA9F8FB-29E3-46E0-8511-A5D23513EF04}"
EndProject
Project("{FAE04EC0-301F-11D3-BF4B-00C04F79EFBC}") = "AlfarBackendChallenge.EF", "AlfarBackendChallenge.EF\AlfarBackendChallenge.EF.csproj", "{518841FE-2E3B-4465-9B28-FC24A1AAFCBE}"
EndProject
Project("{FAE04EC0-301F-11D3-BF4B-00C04F79EFBC}") = "AlfarBackendChallenge.DataAccess", "AlfarBackendChallenge.DataAccess\AlfarBackendChallenge.DataAccess.csproj", "{5168254A-B240-43E5-891B-0190B56193C5}"
EndProject
Project("{FAE04EC0-301F-11D3-BF4B-00C04F79EFBC}") = "AlfarBackendChallenge.Services", "AlfarBackendChallenge.Services\AlfarBackendChallenge.Services.csproj", "{3570E8E6-B3BC-41DD-B449-C74B305DE376}"
EndProject
Global
	GlobalSection(SolutionConfigurationPlatforms) = preSolution
		Debug|Any CPU = Debug|Any CPU
		Release|Any CPU = Release|Any CPU
	EndGlobalSection
	GlobalSection(ProjectConfigurationPlatforms) = postSolution
		{BFF7D328-5F63-44C7-8A9E-4BBB8EDE8B7F}.Debug|Any CPU.ActiveCfg = Debug|Any CPU
		{BFF7D328-5F63-44C7-8A9E-4BBB8EDE8B7F}.Debug|Any CPU.Build.0 = Debug|Any CPU
		{BFF7D328-5F63-44C7-8A9E-4BBB8EDE8B7F}.Release|Any CPU.ActiveCfg = Release|Any CPU
		{BFF7D328-5F63-44C7-8A9E-4BBB8EDE8B7F}.Release|Any CPU.Build.0 = Release|Any CPU
		{C68AF965-1AA4-4B39-86E4-610133861696}.Debug|Any CPU.ActiveCfg = Debug|Any CPU
		{C68AF965-1AA4-4B39-86E4-610133861696}.Debug|Any CPU.Build.0 = Debug|Any CPU
		{C68AF965-1AA4-4B39-86E4-610133861696}.Release|Any CPU.ActiveCfg = Release|Any CPU
		{C68AF965-1AA4-4B39-86E4-610133861696}.Release|Any CPU.Build.0 = Release|Any CPU
		{329F28EE-5C6E-48C9-BA43-CF8E8B68CFF2}.Debug|Any CPU.ActiveCfg = Debug|Any CPU
		{329F28EE-5C6E-48C9-BA43-CF8E8B68CFF2}.Debug|Any CPU.Build.0 = Debug|Any CPU
		{329F28EE-5C6E-48C9-BA43-CF8E8B68CFF2}.Release|Any CPU.ActiveCfg = Release|Any CPU
		{329F28EE-5C6E-48C9-BA43-CF8E8B68CFF2}.Release|Any CPU.Build.0 = Release|Any CPU
		{DCA9F8FB-29E3-46E0-8511-A5D23513EF04}.Debug|Any CPU.ActiveCfg = Debug|Any CPU
		{DCA9F8FB-29E3-46E0-8511-A5D23513EF04}.Debug|Any CPU.Build.0 = Debug|Any CPU
		{DCA9F8FB-29E3-46E0-8511-A5D23513EF04}.Release|Any CPU.ActiveCfg = Release|Any CPU
		{DCA9F8FB-29E3-46E0-8511-A5D23513EF04}.Release|Any CPU.Build.0 = Release|Any CPU
		{518841FE-2E3B-4465-9B28-FC24A1AAFCBE}.Debug|Any CPU.ActiveCfg = Debug|Any CPU
		{518841FE-2E3B-4465-9B28-FC24A1AAFCBE}.Debug|Any CPU.Build.0 = Debug|Any CPU
		{518841FE-2E3B-4465-9B28-FC24A1AAFCBE}.Release|Any CPU.ActiveCfg = Release|Any CPU
		{518841FE-2E3B-4465-9B28-FC24A1AAFCBE}.Release|Any CPU.Build.0 = Release|Any CPU
		{5168254A-B240-43E5-891B-0190B56193C5}.Debug|Any CPU.ActiveCfg = Debug|Any CPU
		{5168254A-B240-43E5-891B-0190B56193C5}.Debug|Any CPU.Build.0 = Debug|Any CPU
		{5168254A-B240-43E5-891B-0190B56193C5}.Release|Any CPU.ActiveCfg = Release|Any CPU
		{5168254A-B240-43E5-891B-0190B56193C5}.Release|Any CPU.Build.0 = Release|Any CPU
		{3570E8E6-B3BC-41DD-B449-C74B305DE376}.Debug|Any CPU.ActiveCfg = Debug|Any CPU
		{3570E8E6-B3BC-41DD-B449-C74B305DE376}.Debug|Any CPU.Build.0 = Debug|Any CPU
		{3570E8E6-B3BC-41DD-B449-C74B305DE376}.Release|Any CPU.ActiveCfg = Release|Any CPU
		{3570E8E6-B3BC-41DD-B449-C74B305DE376}.Release|Any CPU.Build.0 = Release|Any CPU
	EndGlobalSection
	GlobalSection(SolutionProperties) = preSolution
		HideSolutionNode = FALSE
	EndGlobalSection
	GlobalSection(ExtensibilityGlobals) = postSolution
		SolutionGuid = {F16EB91D-AF8A-47B1-A320-B727002C64CE}
	EndGlobalSection
EndGlobal
